# This file is automatically @generated by Cargo.
# It is not intended for manual editing.
version = 3

[[package]]
name = "anyhow"
version = "1.0.86"
source = "registry+https://github.com/rust-lang/crates.io-index"
checksum = "b3d1d046238990b9cf5bcde22a3fb3584ee5cf65fb2765f454ed428c7a0063da"

[[package]]
name = "cc"
version = "1.1.6"
source = "registry+https://github.com/rust-lang/crates.io-index"
checksum = "2aba8f4e9906c7ce3c73463f62a7f0c65183ada1a2d47e397cc8810827f9694f"

[[package]]
name = "snap7-rs"
version = "1.142.1"
source = "registry+https://github.com/rust-lang/crates.io-index"
checksum = "aac8abc5228985aa7ec05d519aef3363d8fd46fd91c56243e18f695489015b78"
dependencies = [
 "anyhow",
 "cc",
]

[[package]]
name = "snap7-rust"
version = "0.1.0"
dependencies = [
 "cc",
 "snap7-rs",
]
